
Microsoft Visual Studio Solution File, Format Version 12.00
# Visual Studio Version 17
VisualStudioVersion = 17.7.34031.279
MinimumVisualStudioVersion = 10.0.40219.1
Project("{FAE04EC0-301F-11D3-BF4B-00C04F79EFBC}") = "ImageProcess", "ImageProcess.csproj", "{6F7BE30D-0F06-425E-BDA0-8E139957C294}"
EndProject
Global
	GlobalSection(SolutionConfigurationPlatforms) = preSolution
		Debug|Any CPU = Debug|Any CPU
		Release|Any CPU = Release|Any CPU
	EndGlobalSection
	GlobalSection(ProjectConfigurationPlatforms) = postSolution
		{6F7BE30D-0F06-425E-BDA0-8E139957C294}.Debug|Any CPU.ActiveCfg = Debug|Any CPU
		{6F7BE30D-0F06-425E-BDA0-8E139957C294}.Debug|Any CPU.Build.0 = Debug|Any CPU
		{6F7BE30D-0F06-425E-BDA0-8E139957C294}.Release|Any CPU.ActiveCfg = Release|Any CPU
		{6F7BE30D-0F06-425E-BDA0-8E139957C294}.Release|Any CPU.Build.0 = Release|Any CPU
	EndGlobalSection
	GlobalSection(SolutionProperties) = preSolution
		HideSolutionNode = FALSE
	EndGlobalSection
	GlobalSection(ExtensibilityGlobals) = postSolution
		SolutionGuid = {52FB63A6-710D-410D-B11F-E3D2608ED1BF}
	EndGlobalSection
EndGlobal
